
Microsoft Visual Studio Solution File, Format Version 12.00
# Visual Studio Version 17
VisualStudioVersion = 17.6.33815.320
MinimumVisualStudioVersion = 10.0.40219.1
Project("{FAE04EC0-301F-11D3-BF4B-00C04F79EFBC}") = "Assesment11_SQLQuery11", "Assesment11_SQLQuery11\Assesment11_SQLQuery11.csproj", "{8B85F56A-C2EF-4951-966E-881D92F7DD8F}"
EndProject
Global
	GlobalSection(SolutionConfigurationPlatforms) = preSolution
		Debug|Any CPU = Debug|Any CPU
		Release|Any CPU = Release|Any CPU
	EndGlobalSection
	GlobalSection(ProjectConfigurationPlatforms) = postSolution
		{8B85F56A-C2EF-4951-966E-881D92F7DD8F}.Debug|Any CPU.ActiveCfg = Debug|Any CPU
		{8B85F56A-C2EF-4951-966E-881D92F7DD8F}.Debug|Any CPU.Build.0 = Debug|Any CPU
		{8B85F56A-C2EF-4951-966E-881D92F7DD8F}.Release|Any CPU.ActiveCfg = Release|Any CPU
		{8B85F56A-C2EF-4951-966E-881D92F7DD8F}.Release|Any CPU.Build.0 = Release|Any CPU
	EndGlobalSection
	GlobalSection(SolutionProperties) = preSolution
		HideSolutionNode = FALSE
	EndGlobalSection
	GlobalSection(ExtensibilityGlobals) = postSolution
		SolutionGuid = {2352B296-32BD-421F-863E-0CCEF78479F7}
	EndGlobalSection
EndGlobal
